
Microsoft Visual Studio Solution File, Format Version 12.00
# Visual Studio Version 17
VisualStudioVersion = 17.10.35027.167
MinimumVisualStudioVersion = 10.0.40219.1
Project("{FAE04EC0-301F-11D3-BF4B-00C04F79EFBC}") = "NGUniversalAPI", "NGUniversalAPI\NGUniversalAPI.csproj", "{CF27E0A4-DC35-4B13-8685-E2959D903336}"
EndProject
Global
	GlobalSection(SolutionConfigurationPlatforms) = preSolution
		Debug|Any CPU = Debug|Any CPU
		Release|Any CPU = Release|Any CPU
	EndGlobalSection
	GlobalSection(ProjectConfigurationPlatforms) = postSolution
		{CF27E0A4-DC35-4B13-8685-E2959D903336}.Debug|Any CPU.ActiveCfg = Debug|Any CPU
		{CF27E0A4-DC35-4B13-8685-E2959D903336}.Debug|Any CPU.Build.0 = Debug|Any CPU
		{CF27E0A4-DC35-4B13-8685-E2959D903336}.Release|Any CPU.ActiveCfg = Release|Any CPU
		{CF27E0A4-DC35-4B13-8685-E2959D903336}.Release|Any CPU.Build.0 = Release|Any CPU
	EndGlobalSection
	GlobalSection(SolutionProperties) = preSolution
		HideSolutionNode = FALSE
	EndGlobalSection
	GlobalSection(ExtensibilityGlobals) = postSolution
		SolutionGuid = {EA6A0AA5-EA22-4EBD-8A7A-B45FBE14CFD2}
	EndGlobalSection
EndGlobal
